
Microsoft Visual Studio Solution File, Format Version 12.00
# Visual Studio Version 17
VisualStudioVersion = 17.7.34031.279
MinimumVisualStudioVersion = 10.0.40219.1
Project("{FAE04EC0-301F-11D3-BF4B-00C04F79EFBC}") = "Clipboard-LLM", "Clipboard-LLM\Clipboard-LLM.csproj", "{74D7C2FE-6A3E-44A5-BCC6-2E388806232E}"
EndProject
Global
	GlobalSection(SolutionConfigurationPlatforms) = preSolution
		Debug|Any CPU = Debug|Any CPU
		Release|Any CPU = Release|Any CPU
	EndGlobalSection
	GlobalSection(ProjectConfigurationPlatforms) = postSolution
		{74D7C2FE-6A3E-44A5-BCC6-2E388806232E}.Debug|Any CPU.ActiveCfg = Debug|Any CPU
		{74D7C2FE-6A3E-44A5-BCC6-2E388806232E}.Debug|Any CPU.Build.0 = Debug|Any CPU
		{74D7C2FE-6A3E-44A5-BCC6-2E388806232E}.Release|Any CPU.ActiveCfg = Release|Any CPU
		{74D7C2FE-6A3E-44A5-BCC6-2E388806232E}.Release|Any CPU.Build.0 = Release|Any CPU
	EndGlobalSection
	GlobalSection(SolutionProperties) = preSolution
		HideSolutionNode = FALSE
	EndGlobalSection
	GlobalSection(ExtensibilityGlobals) = postSolution
		SolutionGuid = {03AB385E-98D1-4F10-ABBA-BDDCAAF1F9E8}
	EndGlobalSection
EndGlobal
